<?xml version="1.0" encoding="UTF-8"?>
<CodeBlocks_project_file>
	<FileVersion major="1" minor="6"/>
	<Project>
		<Option title="project172"/>
		<Option makefile_is_custom="1"/>
		<Option compiler="gcc"/>
		<Option virtualFolders="CMake Files\;"/>
		<Build>
			<Target title="all">
				<Option working_dir="C:/Users/Panasonic-PC/Documents/project172/debug"/>
				<Option type="4"/>
				<MakeCommands>
					<Build command="C:/qt/Tools/mingw810_64/bin/mingw32-make.exe -f &quot;C:/Users/Panasonic-PC/Documents/project172/debug/Makefile&quot;  VERBOSE=1 all"/>
					<CompileFile command="C:/qt/Tools/mingw810_64/bin/mingw32-make.exe -f &quot;C:/Users/Panasonic-PC/Documents/project172/debug/Makefile&quot;  VERBOSE=1 &quot;$file&quot;"/>
					<Clean command="C:/qt/Tools/mingw810_64/bin/mingw32-make.exe -f &quot;C:/Users/Panasonic-PC/Documents/project172/debug/Makefile&quot;  VERBOSE=1 clean"/>
					<DistClean command="C:/qt/Tools/mingw810_64/bin/mingw32-make.exe -f &quot;C:/Users/Panasonic-PC/Documents/project172/debug/Makefile&quot;  VERBOSE=1 clean"/>
				</MakeCommands>
			</Target>
			<Target title="e172">
				<Option output="C:/Users/Panasonic-PC/Documents/project172/debug/libe172.dll" prefix_auto="0" extension_auto="0"/>
				<Option working_dir="C:/Users/Panasonic-PC/Documents/project172/debug"/>
				<Option object_output="./"/>
				<Option type="3"/>
				<Option compiler="gcc"/>
				<Compiler>
					<Add directory="C:/Users/Panasonic-PC/Documents/project172/engine"/>
					<Add directory="C:/qt/Tools/mingw810_64/bin/../lib/gcc/x86_64-w64-mingw32/8.1.0/include/c++"/>
					<Add directory="C:/qt/Tools/mingw810_64/bin/../lib/gcc/x86_64-w64-mingw32/8.1.0/include/c++/x86_64-w64-mingw32"/>
					<Add directory="C:/qt/Tools/mingw810_64/bin/../lib/gcc/x86_64-w64-mingw32/8.1.0/include/c++/backward"/>
					<Add directory="C:/qt/Tools/mingw810_64/bin/../lib/gcc/x86_64-w64-mingw32/8.1.0/include"/>
					<Add directory="C:/qt/Tools/mingw810_64/bin/../lib/gcc/x86_64-w64-mingw32/8.1.0/include-fixed"/>
					<Add directory="C:/qt/Tools/mingw810_64/bin/../lib/gcc/x86_64-w64-mingw32/8.1.0/../../../../x86_64-w64-mingw32/include"/>
				</Compiler>
				<MakeCommands>
					<Build command="C:/qt/Tools/mingw810_64/bin/mingw32-make.exe -f &quot;C:/Users/Panasonic-PC/Documents/project172/debug/Makefile&quot;  VERBOSE=1 e172"/>
					<CompileFile command="C:/qt/Tools/mingw810_64/bin/mingw32-make.exe -f &quot;C:/Users/Panasonic-PC/Documents/project172/debug/Makefile&quot;  VERBOSE=1 &quot;$file&quot;"/>
					<Clean command="C:/qt/Tools/mingw810_64/bin/mingw32-make.exe -f &quot;C:/Users/Panasonic-PC/Documents/project172/debug/Makefile&quot;  VERBOSE=1 clean"/>
					<DistClean command="C:/qt/Tools/mingw810_64/bin/mingw32-make.exe -f &quot;C:/Users/Panasonic-PC/Documents/project172/debug/Makefile&quot;  VERBOSE=1 clean"/>
				</MakeCommands>
			</Target>
			<Target title="e172/fast">
				<Option output="C:/Users/Panasonic-PC/Documents/project172/debug/libe172.dll" prefix_auto="0" extension_auto="0"/>
				<Option working_dir="C:/Users/Panasonic-PC/Documents/project172/debug"/>
				<Option object_output="./"/>
				<Option type="3"/>
				<Option compiler="gcc"/>
				<Compiler>
					<Add directory="C:/Users/Panasonic-PC/Documents/project172/engine"/>
					<Add directory="C:/qt/Tools/mingw810_64/bin/../lib/gcc/x86_64-w64-mingw32/8.1.0/include/c++"/>
					<Add directory="C:/qt/Tools/mingw810_64/bin/../lib/gcc/x86_64-w64-mingw32/8.1.0/include/c++/x86_64-w64-mingw32"/>
					<Add directory="C:/qt/Tools/mingw810_64/bin/../lib/gcc/x86_64-w64-mingw32/8.1.0/include/c++/backward"/>
					<Add directory="C:/qt/Tools/mingw810_64/bin/../lib/gcc/x86_64-w64-mingw32/8.1.0/include"/>
					<Add directory="C:/qt/Tools/mingw810_64/bin/../lib/gcc/x86_64-w64-mingw32/8.1.0/include-fixed"/>
					<Add directory="C:/qt/Tools/mingw810_64/bin/../lib/gcc/x86_64-w64-mingw32/8.1.0/../../../../x86_64-w64-mingw32/include"/>
				</Compiler>
				<MakeCommands>
					<Build command="C:/qt/Tools/mingw810_64/bin/mingw32-make.exe -f &quot;C:/Users/Panasonic-PC/Documents/project172/debug/Makefile&quot;  VERBOSE=1 e172/fast"/>
					<CompileFile command="C:/qt/Tools/mingw810_64/bin/mingw32-make.exe -f &quot;C:/Users/Panasonic-PC/Documents/project172/debug/Makefile&quot;  VERBOSE=1 &quot;$file&quot;"/>
					<Clean command="C:/qt/Tools/mingw810_64/bin/mingw32-make.exe -f &quot;C:/Users/Panasonic-PC/Documents/project172/debug/Makefile&quot;  VERBOSE=1 clean"/>
					<DistClean command="C:/qt/Tools/mingw810_64/bin/mingw32-make.exe -f &quot;C:/Users/Panasonic-PC/Documents/project172/debug/Makefile&quot;  VERBOSE=1 clean"/>
				</MakeCommands>
			</Target>
			<Target title="klibcore">
				<Option output="C:/Users/Panasonic-PC/Documents/project172/debug/libklibcore.dll" prefix_auto="0" extension_auto="0"/>
				<Option working_dir="C:/Users/Panasonic-PC/Documents/project172/debug"/>
				<Option object_output="./"/>
				<Option type="3"/>
				<Option compiler="gcc"/>
				<Compiler>
					<Add directory="C:/Users/Panasonic-PC/Documents/project172/klibcore"/>
					<Add directory="C:/qt/Tools/mingw810_64/bin/../lib/gcc/x86_64-w64-mingw32/8.1.0/include/c++"/>
					<Add directory="C:/qt/Tools/mingw810_64/bin/../lib/gcc/x86_64-w64-mingw32/8.1.0/include/c++/x86_64-w64-mingw32"/>
					<Add directory="C:/qt/Tools/mingw810_64/bin/../lib/gcc/x86_64-w64-mingw32/8.1.0/include/c++/backward"/>
					<Add directory="C:/qt/Tools/mingw810_64/bin/../lib/gcc/x86_64-w64-mingw32/8.1.0/include"/>
					<Add directory="C:/qt/Tools/mingw810_64/bin/../lib/gcc/x86_64-w64-mingw32/8.1.0/include-fixed"/>
					<Add directory="C:/qt/Tools/mingw810_64/bin/../lib/gcc/x86_64-w64-mingw32/8.1.0/../../../../x86_64-w64-mingw32/include"/>
				</Compiler>
				<MakeCommands>
					<Build command="C:/qt/Tools/mingw810_64/bin/mingw32-make.exe -f &quot;C:/Users/Panasonic-PC/Documents/project172/debug/Makefile&quot;  VERBOSE=1 klibcore"/>
					<CompileFile command="C:/qt/Tools/mingw810_64/bin/mingw32-make.exe -f &quot;C:/Users/Panasonic-PC/Documents/project172/debug/Makefile&quot;  VERBOSE=1 &quot;$file&quot;"/>
					<Clean command="C:/qt/Tools/mingw810_64/bin/mingw32-make.exe -f &quot;C:/Users/Panasonic-PC/Documents/project172/debug/Makefile&quot;  VERBOSE=1 clean"/>
					<DistClean command="C:/qt/Tools/mingw810_64/bin/mingw32-make.exe -f &quot;C:/Users/Panasonic-PC/Documents/project172/debug/Makefile&quot;  VERBOSE=1 clean"/>
				</MakeCommands>
			</Target>
			<Target title="klibcore/fast">
				<Option output="C:/Users/Panasonic-PC/Documents/project172/debug/libklibcore.dll" prefix_auto="0" extension_auto="0"/>
				<Option working_dir="C:/Users/Panasonic-PC/Documents/project172/debug"/>
				<Option object_output="./"/>
				<Option type="3"/>
				<Option compiler="gcc"/>
				<Compiler>
					<Add directory="C:/Users/Panasonic-PC/Documents/project172/klibcore"/>
					<Add directory="C:/qt/Tools/mingw810_64/bin/../lib/gcc/x86_64-w64-mingw32/8.1.0/include/c++"/>
					<Add directory="C:/qt/Tools/mingw810_64/bin/../lib/gcc/x86_64-w64-mingw32/8.1.0/include/c++/x86_64-w64-mingw32"/>
					<Add directory="C:/qt/Tools/mingw810_64/bin/../lib/gcc/x86_64-w64-mingw32/8.1.0/include/c++/backward"/>
					<Add directory="C:/qt/Tools/mingw810_64/bin/../lib/gcc/x86_64-w64-mingw32/8.1.0/include"/>
					<Add directory="C:/qt/Tools/mingw810_64/bin/../lib/gcc/x86_64-w64-mingw32/8.1.0/include-fixed"/>
					<Add directory="C:/qt/Tools/mingw810_64/bin/../lib/gcc/x86_64-w64-mingw32/8.1.0/../../../../x86_64-w64-mingw32/include"/>
				</Compiler>
				<MakeCommands>
					<Build command="C:/qt/Tools/mingw810_64/bin/mingw32-make.exe -f &quot;C:/Users/Panasonic-PC/Documents/project172/debug/Makefile&quot;  VERBOSE=1 klibcore/fast"/>
					<CompileFile command="C:/qt/Tools/mingw810_64/bin/mingw32-make.exe -f &quot;C:/Users/Panasonic-PC/Documents/project172/debug/Makefile&quot;  VERBOSE=1 &quot;$file&quot;"/>
					<Clean command="C:/qt/Tools/mingw810_64/bin/mingw32-make.exe -f &quot;C:/Users/Panasonic-PC/Documents/project172/debug/Makefile&quot;  VERBOSE=1 clean"/>
					<DistClean command="C:/qt/Tools/mingw810_64/bin/mingw32-make.exe -f &quot;C:/Users/Panasonic-PC/Documents/project172/debug/Makefile&quot;  VERBOSE=1 clean"/>
				</MakeCommands>
			</Target>
			<Target title="project172">
				<Option output="C:/Users/Panasonic-PC/Documents/project172/debug/project172.exe" prefix_auto="0" extension_auto="0"/>
				<Option working_dir="C:/Users/Panasonic-PC/Documents/project172/debug"/>
				<Option object_output="./"/>
				<Option type="1"/>
				<Option compiler="gcc"/>
				<Compiler>
					<Add directory="C:/Users/Panasonic-PC/Documents/project172"/>
					<Add directory="C:/Users/Panasonic-PC/Documents/project172/klibcore"/>
					<Add directory="C:/Users/Panasonic-PC/Documents/project172/engine"/>
					<Add directory="C:/qt/Tools/mingw810_64/bin/../lib/gcc/x86_64-w64-mingw32/8.1.0/include/c++"/>
					<Add directory="C:/qt/Tools/mingw810_64/bin/../lib/gcc/x86_64-w64-mingw32/8.1.0/include/c++/x86_64-w64-mingw32"/>
					<Add directory="C:/qt/Tools/mingw810_64/bin/../lib/gcc/x86_64-w64-mingw32/8.1.0/include/c++/backward"/>
					<Add directory="C:/qt/Tools/mingw810_64/bin/../lib/gcc/x86_64-w64-mingw32/8.1.0/include"/>
					<Add directory="C:/qt/Tools/mingw810_64/bin/../lib/gcc/x86_64-w64-mingw32/8.1.0/include-fixed"/>
					<Add directory="C:/qt/Tools/mingw810_64/bin/../lib/gcc/x86_64-w64-mingw32/8.1.0/../../../../x86_64-w64-mingw32/include"/>
				</Compiler>
				<MakeCommands>
					<Build command="C:/qt/Tools/mingw810_64/bin/mingw32-make.exe -f &quot;C:/Users/Panasonic-PC/Documents/project172/debug/Makefile&quot;  VERBOSE=1 project172"/>
					<CompileFile command="C:/qt/Tools/mingw810_64/bin/mingw32-make.exe -f &quot;C:/Users/Panasonic-PC/Documents/project172/debug/Makefile&quot;  VERBOSE=1 &quot;$file&quot;"/>
					<Clean command="C:/qt/Tools/mingw810_64/bin/mingw32-make.exe -f &quot;C:/Users/Panasonic-PC/Documents/project172/debug/Makefile&quot;  VERBOSE=1 clean"/>
					<DistClean command="C:/qt/Tools/mingw810_64/bin/mingw32-make.exe -f &quot;C:/Users/Panasonic-PC/Documents/project172/debug/Makefile&quot;  VERBOSE=1 clean"/>
				</MakeCommands>
			</Target>
			<Target title="project172/fast">
				<Option output="C:/Users/Panasonic-PC/Documents/project172/debug/project172.exe" prefix_auto="0" extension_auto="0"/>
				<Option working_dir="C:/Users/Panasonic-PC/Documents/project172/debug"/>
				<Option object_output="./"/>
				<Option type="1"/>
				<Option compiler="gcc"/>
				<Compiler>
					<Add directory="C:/Users/Panasonic-PC/Documents/project172"/>
					<Add directory="C:/Users/Panasonic-PC/Documents/project172/klibcore"/>
					<Add directory="C:/Users/Panasonic-PC/Documents/project172/engine"/>
					<Add directory="C:/qt/Tools/mingw810_64/bin/../lib/gcc/x86_64-w64-mingw32/8.1.0/include/c++"/>
					<Add directory="C:/qt/Tools/mingw810_64/bin/../lib/gcc/x86_64-w64-mingw32/8.1.0/include/c++/x86_64-w64-mingw32"/>
					<Add directory="C:/qt/Tools/mingw810_64/bin/../lib/gcc/x86_64-w64-mingw32/8.1.0/include/c++/backward"/>
					<Add directory="C:/qt/Tools/mingw810_64/bin/../lib/gcc/x86_64-w64-mingw32/8.1.0/include"/>
					<Add directory="C:/qt/Tools/mingw810_64/bin/../lib/gcc/x86_64-w64-mingw32/8.1.0/include-fixed"/>
					<Add directory="C:/qt/Tools/mingw810_64/bin/../lib/gcc/x86_64-w64-mingw32/8.1.0/../../../../x86_64-w64-mingw32/include"/>
				</Compiler>
				<MakeCommands>
					<Build command="C:/qt/Tools/mingw810_64/bin/mingw32-make.exe -f &quot;C:/Users/Panasonic-PC/Documents/project172/debug/Makefile&quot;  VERBOSE=1 project172/fast"/>
					<CompileFile command="C:/qt/Tools/mingw810_64/bin/mingw32-make.exe -f &quot;C:/Users/Panasonic-PC/Documents/project172/debug/Makefile&quot;  VERBOSE=1 &quot;$file&quot;"/>
					<Clean command="C:/qt/Tools/mingw810_64/bin/mingw32-make.exe -f &quot;C:/Users/Panasonic-PC/Documents/project172/debug/Makefile&quot;  VERBOSE=1 clean"/>
					<DistClean command="C:/qt/Tools/mingw810_64/bin/mingw32-make.exe -f &quot;C:/Users/Panasonic-PC/Documents/project172/debug/Makefile&quot;  VERBOSE=1 clean"/>
				</MakeCommands>
			</Target>
			<Target title="edit_cache">
				<Option working_dir="C:/Users/Panasonic-PC/Documents/project172/debug"/>
				<Option type="4"/>
				<MakeCommands>
					<Build command="C:/qt/Tools/mingw810_64/bin/mingw32-make.exe -f &quot;C:/Users/Panasonic-PC/Documents/project172/debug/Makefile&quot;  VERBOSE=1 edit_cache"/>
					<CompileFile command="C:/qt/Tools/mingw810_64/bin/mingw32-make.exe -f &quot;C:/Users/Panasonic-PC/Documents/project172/debug/Makefile&quot;  VERBOSE=1 &quot;$file&quot;"/>
					<Clean command="C:/qt/Tools/mingw810_64/bin/mingw32-make.exe -f &quot;C:/Users/Panasonic-PC/Documents/project172/debug/Makefile&quot;  VERBOSE=1 clean"/>
					<DistClean command="C:/qt/Tools/mingw810_64/bin/mingw32-make.exe -f &quot;C:/Users/Panasonic-PC/Documents/project172/debug/Makefile&quot;  VERBOSE=1 clean"/>
				</MakeCommands>
			</Target>
			<Target title="rebuild_cache">
				<Option working_dir="C:/Users/Panasonic-PC/Documents/project172/debug"/>
				<Option type="4"/>
				<MakeCommands>
					<Build command="C:/qt/Tools/mingw810_64/bin/mingw32-make.exe -f &quot;C:/Users/Panasonic-PC/Documents/project172/debug/Makefile&quot;  VERBOSE=1 rebuild_cache"/>
					<CompileFile command="C:/qt/Tools/mingw810_64/bin/mingw32-make.exe -f &quot;C:/Users/Panasonic-PC/Documents/project172/debug/Makefile&quot;  VERBOSE=1 &quot;$file&quot;"/>
					<Clean command="C:/qt/Tools/mingw810_64/bin/mingw32-make.exe -f &quot;C:/Users/Panasonic-PC/Documents/project172/debug/Makefile&quot;  VERBOSE=1 clean"/>
					<DistClean command="C:/qt/Tools/mingw810_64/bin/mingw32-make.exe -f &quot;C:/Users/Panasonic-PC/Documents/project172/debug/Makefile&quot;  VERBOSE=1 clean"/>
				</MakeCommands>
			</Target>
		</Build>
		<Unit filename="C:/Users/Panasonic-PC/Documents/project172/klibcore/src/experimental/universalqueue/kcirclebuffer.cpp">
			<Option target="klibcore"/>
		</Unit>
		<Unit filename="C:/Users/Panasonic-PC/Documents/project172/klibcore/src/experimental/universalqueue/kcirclebuffer.h">
			<Option target="klibcore"/>
		</Unit>
		<Unit filename="C:/Users/Panasonic-PC/Documents/project172/klibcore/src/experimental/universalqueue/kuniversalqueue.cpp">
			<Option target="klibcore"/>
		</Unit>
		<Unit filename="C:/Users/Panasonic-PC/Documents/project172/klibcore/src/experimental/universalqueue/kuniversalqueue.h">
			<Option target="klibcore"/>
		</Unit>
		<Unit filename="C:/Users/Panasonic-PC/Documents/project172/klibcore/src/experimental/universalqueue/kvoidhandle.cpp">
			<Option target="klibcore"/>
		</Unit>
		<Unit filename="C:/Users/Panasonic-PC/Documents/project172/klibcore/src/experimental/universalqueue/kvoidhandle.h">
			<Option target="klibcore"/>
		</Unit>
		<Unit filename="C:/Users/Panasonic-PC/Documents/project172/klibcore/src/memcontrol/kabstractfactory.cpp">
			<Option target="klibcore"/>
		</Unit>
		<Unit filename="C:/Users/Panasonic-PC/Documents/project172/klibcore/src/memcontrol/kabstractfactory.h">
			<Option target="klibcore"/>
		</Unit>
		<Unit filename="C:/Users/Panasonic-PC/Documents/project172/klibcore/src/memcontrol/kmoduleswitch.cpp">
			<Option target="klibcore"/>
		</Unit>
		<Unit filename="C:/Users/Panasonic-PC/Documents/project172/klibcore/src/memcontrol/kmoduleswitch.h">
			<Option target="klibcore"/>
		</Unit>
		<Unit filename="C:/Users/Panasonic-PC/Documents/project172/klibcore/src/memcontrol/kpull.cpp">
			<Option target="klibcore"/>
		</Unit>
		<Unit filename="C:/Users/Panasonic-PC/Documents/project172/klibcore/src/memcontrol/kpull.h">
			<Option target="klibcore"/>
		</Unit>
		<Unit filename="C:/Users/Panasonic-PC/Documents/project172/klibcore/src/utility/kmetafunction.cpp">
			<Option target="klibcore"/>
		</Unit>
		<Unit filename="C:/Users/Panasonic-PC/Documents/project172/klibcore/src/utility/kmetafunction.h">
			<Option target="klibcore"/>
		</Unit>
		<Unit filename="C:/Users/Panasonic-PC/Documents/project172/klibcore/src/utility/ktype.cpp">
			<Option target="klibcore"/>
		</Unit>
		<Unit filename="C:/Users/Panasonic-PC/Documents/project172/klibcore/src/utility/ktype.h">
			<Option target="klibcore"/>
		</Unit>
		<Unit filename="C:/Users/Panasonic-PC/Documents/project172/src/additional/effects/anaglyph.cpp">
			<Option target="project172"/>
		</Unit>
		<Unit filename="C:/Users/Panasonic-PC/Documents/project172/src/additional/effects/anaglyph.h">
			<Option target="project172"/>
		</Unit>
		<Unit filename="C:/Users/Panasonic-PC/Documents/project172/src/additional/effects/visualeffect.cpp">
			<Option target="project172"/>
		</Unit>
		<Unit filename="C:/Users/Panasonic-PC/Documents/project172/src/additional/effects/visualeffect.h">
			<Option target="project172"/>
		</Unit>
		<Unit filename="C:/Users/Panasonic-PC/Documents/project172/src/additional/event.cpp">
			<Option target="project172"/>
		</Unit>
		<Unit filename="C:/Users/Panasonic-PC/Documents/project172/src/additional/event.h">
			<Option target="project172"/>
		</Unit>
		<Unit filename="C:/Users/Panasonic-PC/Documents/project172/src/additional/informative/controllerfinder.cpp">
			<Option target="project172"/>
		</Unit>
		<Unit filename="C:/Users/Panasonic-PC/Documents/project172/src/additional/informative/controllerfinder.h">
			<Option target="project172"/>
		</Unit>
		<Unit filename="C:/Users/Panasonic-PC/Documents/project172/src/additional/informative/fpsmonitor.cpp">
			<Option target="project172"/>
		</Unit>
		<Unit filename="C:/Users/Panasonic-PC/Documents/project172/src/additional/informative/fpsmonitor.h">
			<Option target="project172"/>
		</Unit>
		<Unit filename="C:/Users/Panasonic-PC/Documents/project172/src/additional/informative/registryinfo.cpp">
			<Option target="project172"/>
		</Unit>
		<Unit filename="C:/Users/Panasonic-PC/Documents/project172/src/additional/informative/registryinfo.h">
			<Option target="project172"/>
		</Unit>
		<Unit filename="C:/Users/Panasonic-PC/Documents/project172/src/additional/informative/unitsamountinfo.cpp">
			<Option target="project172"/>
		</Unit>
		<Unit filename="C:/Users/Panasonic-PC/Documents/project172/src/additional/informative/unitsamountinfo.h">
			<Option target="project172"/>
		</Unit>
		<Unit filename="C:/Users/Panasonic-PC/Documents/project172/src/additional/lightparticle.cpp">
			<Option target="project172"/>
		</Unit>
		<Unit filename="C:/Users/Panasonic-PC/Documents/project172/src/additional/lightparticle.h">
			<Option target="project172"/>
		</Unit>
		<Unit filename="C:/Users/Panasonic-PC/Documents/project172/src/additional/mutex.cpp">
			<Option target="project172"/>
		</Unit>
		<Unit filename="C:/Users/Panasonic-PC/Documents/project172/src/additional/mutex.h">
			<Option target="project172"/>
		</Unit>
		<Unit filename="C:/Users/Panasonic-PC/Documents/project172/src/additional/net/framebuilder.cpp">
			<Option target="project172"/>
		</Unit>
		<Unit filename="C:/Users/Panasonic-PC/Documents/project172/src/additional/net/framebuilder.h">
			<Option target="project172"/>
		</Unit>
		<Unit filename="C:/Users/Panasonic-PC/Documents/project172/src/additional/net/socket.cpp">
			<Option target="project172"/>
		</Unit>
		<Unit filename="C:/Users/Panasonic-PC/Documents/project172/src/additional/net/socket.h">
			<Option target="project172"/>
		</Unit>
		<Unit filename="C:/Users/Panasonic-PC/Documents/project172/src/additional/rotozoom.cpp">
			<Option target="project172"/>
		</Unit>
		<Unit filename="C:/Users/Panasonic-PC/Documents/project172/src/additional/rotozoom.h">
			<Option target="project172"/>
		</Unit>
		<Unit filename="C:/Users/Panasonic-PC/Documents/project172/src/additional/spm.cpp">
			<Option target="project172"/>
		</Unit>
		<Unit filename="C:/Users/Panasonic-PC/Documents/project172/src/additional/spm.h">
			<Option target="project172"/>
		</Unit>
		<Unit filename="C:/Users/Panasonic-PC/Documents/project172/src/additional/stringformer.cpp">
			<Option target="project172"/>
		</Unit>
		<Unit filename="C:/Users/Panasonic-PC/Documents/project172/src/additional/stringformer.h">
			<Option target="project172"/>
		</Unit>
		<Unit filename="C:/Users/Panasonic-PC/Documents/project172/src/additional/trigger.cpp">
			<Option target="project172"/>
		</Unit>
		<Unit filename="C:/Users/Panasonic-PC/Documents/project172/src/additional/trigger.h">
			<Option target="project172"/>
		</Unit>
		<Unit filename="C:/Users/Panasonic-PC/Documents/project172/src/additional/variant.cpp">
			<Option target="project172"/>
		</Unit>
		<Unit filename="C:/Users/Panasonic-PC/Documents/project172/src/additional/variant.h">
			<Option target="project172"/>
		</Unit>
		<Unit filename="C:/Users/Panasonic-PC/Documents/project172/src/animator.cpp">
			<Option target="project172"/>
		</Unit>
		<Unit filename="C:/Users/Panasonic-PC/Documents/project172/src/animator.h">
			<Option target="project172"/>
		</Unit>
		<Unit filename="C:/Users/Panasonic-PC/Documents/project172/src/application.cpp">
			<Option target="project172"/>
		</Unit>
		<Unit filename="C:/Users/Panasonic-PC/Documents/project172/src/application.h">
			<Option target="project172"/>
		</Unit>
		<Unit filename="C:/Users/Panasonic-PC/Documents/project172/src/assetmanager.cpp">
			<Option target="project172"/>
		</Unit>
		<Unit filename="C:/Users/Panasonic-PC/Documents/project172/src/assetmanager.h">
			<Option target="project172"/>
		</Unit>
		<Unit filename="C:/Users/Panasonic-PC/Documents/project172/src/audio/audio.cpp">
			<Option target="project172"/>
		</Unit>
		<Unit filename="C:/Users/Panasonic-PC/Documents/project172/src/audio/audio.h">
			<Option target="project172"/>
		</Unit>
		<Unit filename="C:/Users/Panasonic-PC/Documents/project172/src/audio/audiochannel.cpp">
			<Option target="project172"/>
		</Unit>
		<Unit filename="C:/Users/Panasonic-PC/Documents/project172/src/audio/audiochannel.h">
			<Option target="project172"/>
		</Unit>
		<Unit filename="C:/Users/Panasonic-PC/Documents/project172/src/audio/audiohardwarebank.cpp">
			<Option target="project172"/>
		</Unit>
		<Unit filename="C:/Users/Panasonic-PC/Documents/project172/src/audio/audiohardwarebank.h">
			<Option target="project172"/>
		</Unit>
		<Unit filename="C:/Users/Panasonic-PC/Documents/project172/src/audio/audioplayer.cpp">
			<Option target="project172"/>
		</Unit>
		<Unit filename="C:/Users/Panasonic-PC/Documents/project172/src/audio/audioplayer.h">
			<Option target="project172"/>
		</Unit>
		<Unit filename="C:/Users/Panasonic-PC/Documents/project172/src/background.cpp">
			<Option target="project172"/>
		</Unit>
		<Unit filename="C:/Users/Panasonic-PC/Documents/project172/src/background.h">
			<Option target="project172"/>
		</Unit>
		<Unit filename="C:/Users/Panasonic-PC/Documents/project172/src/capabilities/aggressive.cpp">
			<Option target="project172"/>
		</Unit>
		<Unit filename="C:/Users/Panasonic-PC/Documents/project172/src/capabilities/aggressive.h">
			<Option target="project172"/>
		</Unit>
		<Unit filename="C:/Users/Panasonic-PC/Documents/project172/src/capabilities/ai.cpp">
			<Option target="project172"/>
		</Unit>
		<Unit filename="C:/Users/Panasonic-PC/Documents/project172/src/capabilities/ai.h">
			<Option target="project172"/>
		</Unit>
		<Unit filename="C:/Users/Panasonic-PC/Documents/project172/src/capabilities/capability.cpp">
			<Option target="project172"/>
		</Unit>
		<Unit filename="C:/Users/Panasonic-PC/Documents/project172/src/capabilities/capability.h">
			<Option target="project172"/>
		</Unit>
		<Unit filename="C:/Users/Panasonic-PC/Documents/project172/src/capabilities/controller.cpp">
			<Option target="project172"/>
		</Unit>
		<Unit filename="C:/Users/Panasonic-PC/Documents/project172/src/capabilities/controller.h">
			<Option target="project172"/>
		</Unit>
		<Unit filename="C:/Users/Panasonic-PC/Documents/project172/src/capabilities/docker.cpp">
			<Option target="project172"/>
		</Unit>
		<Unit filename="C:/Users/Panasonic-PC/Documents/project172/src/capabilities/docker.h">
			<Option target="project172"/>
		</Unit>
		<Unit filename="C:/Users/Panasonic-PC/Documents/project172/src/capabilities/modulehandler.cpp">
			<Option target="project172"/>
		</Unit>
		<Unit filename="C:/Users/Panasonic-PC/Documents/project172/src/capabilities/modulehandler.h">
			<Option target="project172"/>
		</Unit>
		<Unit filename="C:/Users/Panasonic-PC/Documents/project172/src/capabilities/modules/engine.cpp">
			<Option target="project172"/>
		</Unit>
		<Unit filename="C:/Users/Panasonic-PC/Documents/project172/src/capabilities/modules/engine.h">
			<Option target="project172"/>
		</Unit>
		<Unit filename="C:/Users/Panasonic-PC/Documents/project172/src/capabilities/modules/module.cpp">
			<Option target="project172"/>
		</Unit>
		<Unit filename="C:/Users/Panasonic-PC/Documents/project172/src/capabilities/modules/module.h">
			<Option target="project172"/>
		</Unit>
		<Unit filename="C:/Users/Panasonic-PC/Documents/project172/src/capabilities/modules/thruster.cpp">
			<Option target="project172"/>
		</Unit>
		<Unit filename="C:/Users/Panasonic-PC/Documents/project172/src/capabilities/modules/thruster.h">
			<Option target="project172"/>
		</Unit>
		<Unit filename="C:/Users/Panasonic-PC/Documents/project172/src/capabilities/modules/warpdrive.cpp">
			<Option target="project172"/>
		</Unit>
		<Unit filename="C:/Users/Panasonic-PC/Documents/project172/src/capabilities/modules/warpdrive.h">
			<Option target="project172"/>
		</Unit>
		<Unit filename="C:/Users/Panasonic-PC/Documents/project172/src/capabilities/modules/weapon.cpp">
			<Option target="project172"/>
		</Unit>
		<Unit filename="C:/Users/Panasonic-PC/Documents/project172/src/capabilities/modules/weapon.h">
			<Option target="project172"/>
		</Unit>
		<Unit filename="C:/Users/Panasonic-PC/Documents/project172/src/capabilities/player.cpp">
			<Option target="project172"/>
		</Unit>
		<Unit filename="C:/Users/Panasonic-PC/Documents/project172/src/capabilities/player.h">
			<Option target="project172"/>
		</Unit>
		<Unit filename="C:/Users/Panasonic-PC/Documents/project172/src/context.cpp">
			<Option target="project172"/>
		</Unit>
		<Unit filename="C:/Users/Panasonic-PC/Documents/project172/src/context.h">
			<Option target="project172"/>
		</Unit>
		<Unit filename="C:/Users/Panasonic-PC/Documents/project172/src/debug.cpp">
			<Option target="project172"/>
		</Unit>
		<Unit filename="C:/Users/Panasonic-PC/Documents/project172/src/debug.h">
			<Option target="project172"/>
		</Unit>
		<Unit filename="C:/Users/Panasonic-PC/Documents/project172/src/engine/abstractrenderengine.cpp">
			<Option target="e172"/>
		</Unit>
		<Unit filename="C:/Users/Panasonic-PC/Documents/project172/src/engine/abstractrenderengine.h">
			<Option target="e172"/>
		</Unit>
		<Unit filename="C:/Users/Panasonic-PC/Documents/project172/src/engine/abstractrenderer.cpp">
			<Option target="e172"/>
		</Unit>
		<Unit filename="C:/Users/Panasonic-PC/Documents/project172/src/engine/abstractrenderer.h">
			<Option target="e172"/>
		</Unit>
		<Unit filename="C:/Users/Panasonic-PC/Documents/project172/src/engine/image.cpp">
			<Option target="e172"/>
		</Unit>
		<Unit filename="C:/Users/Panasonic-PC/Documents/project172/src/engine/image.h">
			<Option target="e172"/>
		</Unit>
		<Unit filename="C:/Users/Panasonic-PC/Documents/project172/src/engine/math/math.cpp">
			<Option target="e172"/>
		</Unit>
		<Unit filename="C:/Users/Panasonic-PC/Documents/project172/src/engine/math/math.h">
			<Option target="e172"/>
		</Unit>
		<Unit filename="C:/Users/Panasonic-PC/Documents/project172/src/engine/math/vector.cpp">
			<Option target="e172"/>
		</Unit>
		<Unit filename="C:/Users/Panasonic-PC/Documents/project172/src/engine/math/vector.h">
			<Option target="e172"/>
		</Unit>
		<Unit filename="C:/Users/Panasonic-PC/Documents/project172/src/engine/textformat.cpp">
			<Option target="e172"/>
		</Unit>
		<Unit filename="C:/Users/Panasonic-PC/Documents/project172/src/engine/textformat.h">
			<Option target="e172"/>
		</Unit>
		<Unit filename="C:/Users/Panasonic-PC/Documents/project172/src/environment.cpp">
			<Option target="project172"/>
		</Unit>
		<Unit filename="C:/Users/Panasonic-PC/Documents/project172/src/environment.h">
			<Option target="project172"/>
		</Unit>
		<Unit filename="C:/Users/Panasonic-PC/Documents/project172/src/filesystem.cpp">
			<Option target="project172"/>
		</Unit>
		<Unit filename="C:/Users/Panasonic-PC/Documents/project172/src/filesystem.h">
			<Option target="project172"/>
		</Unit>
		<Unit filename="C:/Users/Panasonic-PC/Documents/project172/src/gui/guiblushingfloatingmessage.cpp">
			<Option target="project172"/>
		</Unit>
		<Unit filename="C:/Users/Panasonic-PC/Documents/project172/src/gui/guiblushingfloatingmessage.h">
			<Option target="project172"/>
		</Unit>
		<Unit filename="C:/Users/Panasonic-PC/Documents/project172/src/gui/guicentralmessage.cpp">
			<Option target="project172"/>
		</Unit>
		<Unit filename="C:/Users/Panasonic-PC/Documents/project172/src/gui/guicentralmessage.h">
			<Option target="project172"/>
		</Unit>
		<Unit filename="C:/Users/Panasonic-PC/Documents/project172/src/gui/guichoice.cpp">
			<Option target="project172"/>
		</Unit>
		<Unit filename="C:/Users/Panasonic-PC/Documents/project172/src/gui/guichoice.h">
			<Option target="project172"/>
		</Unit>
		<Unit filename="C:/Users/Panasonic-PC/Documents/project172/src/gui/guicontainer.cpp">
			<Option target="project172"/>
		</Unit>
		<Unit filename="C:/Users/Panasonic-PC/Documents/project172/src/gui/guicontainer.h">
			<Option target="project172"/>
		</Unit>
		<Unit filename="C:/Users/Panasonic-PC/Documents/project172/src/gui/guielement.cpp">
			<Option target="project172"/>
		</Unit>
		<Unit filename="C:/Users/Panasonic-PC/Documents/project172/src/gui/guielement.h">
			<Option target="project172"/>
		</Unit>
		<Unit filename="C:/Users/Panasonic-PC/Documents/project172/src/gui/guifloatingmessage.cpp">
			<Option target="project172"/>
		</Unit>
		<Unit filename="C:/Users/Panasonic-PC/Documents/project172/src/gui/guifloatingmessage.h">
			<Option target="project172"/>
		</Unit>
		<Unit filename="C:/Users/Panasonic-PC/Documents/project172/src/gui/guilist.cpp">
			<Option target="project172"/>
		</Unit>
		<Unit filename="C:/Users/Panasonic-PC/Documents/project172/src/gui/guilist.h">
			<Option target="project172"/>
		</Unit>
		<Unit filename="C:/Users/Panasonic-PC/Documents/project172/src/gui/guimain.cpp">
			<Option target="project172"/>
		</Unit>
		<Unit filename="C:/Users/Panasonic-PC/Documents/project172/src/gui/guimain.h">
			<Option target="project172"/>
		</Unit>
		<Unit filename="C:/Users/Panasonic-PC/Documents/project172/src/gui/guimenuelement.cpp">
			<Option target="project172"/>
		</Unit>
		<Unit filename="C:/Users/Panasonic-PC/Documents/project172/src/gui/guimenuelement.h">
			<Option target="project172"/>
		</Unit>
		<Unit filename="C:/Users/Panasonic-PC/Documents/project172/src/gui/guiminimap.cpp">
			<Option target="project172"/>
		</Unit>
		<Unit filename="C:/Users/Panasonic-PC/Documents/project172/src/gui/guiminimap.h">
			<Option target="project172"/>
		</Unit>
		<Unit filename="C:/Users/Panasonic-PC/Documents/project172/src/gui/guiradar.cpp">
			<Option target="project172"/>
		</Unit>
		<Unit filename="C:/Users/Panasonic-PC/Documents/project172/src/gui/guiradar.h">
			<Option target="project172"/>
		</Unit>
		<Unit filename="C:/Users/Panasonic-PC/Documents/project172/src/gui/guistack.cpp">
			<Option target="project172"/>
		</Unit>
		<Unit filename="C:/Users/Panasonic-PC/Documents/project172/src/gui/guistack.h">
			<Option target="project172"/>
		</Unit>
		<Unit filename="C:/Users/Panasonic-PC/Documents/project172/src/gui/guiswitch.cpp">
			<Option target="project172"/>
		</Unit>
		<Unit filename="C:/Users/Panasonic-PC/Documents/project172/src/gui/guiswitch.h">
			<Option target="project172"/>
		</Unit>
		<Unit filename="C:/Users/Panasonic-PC/Documents/project172/src/iinformative.cpp">
			<Option target="project172"/>
		</Unit>
		<Unit filename="C:/Users/Panasonic-PC/Documents/project172/src/iinformative.h">
			<Option target="project172"/>
		</Unit>
		<Unit filename="C:/Users/Panasonic-PC/Documents/project172/src/json/allocator.h">
			<Option target="project172"/>
		</Unit>
		<Unit filename="C:/Users/Panasonic-PC/Documents/project172/src/json/assertions.h">
			<Option target="project172"/>
		</Unit>
		<Unit filename="C:/Users/Panasonic-PC/Documents/project172/src/json/autolink.h">
			<Option target="project172"/>
		</Unit>
		<Unit filename="C:/Users/Panasonic-PC/Documents/project172/src/json/config.h">
			<Option target="project172"/>
		</Unit>
		<Unit filename="C:/Users/Panasonic-PC/Documents/project172/src/json/features.h">
			<Option target="project172"/>
		</Unit>
		<Unit filename="C:/Users/Panasonic-PC/Documents/project172/src/json/forwards.h">
			<Option target="project172"/>
		</Unit>
		<Unit filename="C:/Users/Panasonic-PC/Documents/project172/src/json/json.h">
			<Option target="project172"/>
		</Unit>
		<Unit filename="C:/Users/Panasonic-PC/Documents/project172/src/json/json_reader.cpp">
			<Option target="project172"/>
		</Unit>
		<Unit filename="C:/Users/Panasonic-PC/Documents/project172/src/json/json_value.cpp">
			<Option target="project172"/>
		</Unit>
		<Unit filename="C:/Users/Panasonic-PC/Documents/project172/src/json/json_writer.cpp">
			<Option target="project172"/>
		</Unit>
		<Unit filename="C:/Users/Panasonic-PC/Documents/project172/src/json/reader.h">
			<Option target="project172"/>
		</Unit>
		<Unit filename="C:/Users/Panasonic-PC/Documents/project172/src/json/value.h">
			<Option target="project172"/>
		</Unit>
		<Unit filename="C:/Users/Panasonic-PC/Documents/project172/src/json/version.h">
			<Option target="project172"/>
		</Unit>
		<Unit filename="C:/Users/Panasonic-PC/Documents/project172/src/json/writer.h">
			<Option target="project172"/>
		</Unit>
		<Unit filename="C:/Users/Panasonic-PC/Documents/project172/src/loadable.cpp">
			<Option target="project172"/>
		</Unit>
		<Unit filename="C:/Users/Panasonic-PC/Documents/project172/src/loadable.h">
			<Option target="project172"/>
		</Unit>
		<Unit filename="C:/Users/Panasonic-PC/Documents/project172/src/main.cpp">
			<Option target="project172"/>
		</Unit>
		<Unit filename="C:/Users/Panasonic-PC/Documents/project172/src/near.cpp">
			<Option target="project172"/>
		</Unit>
		<Unit filename="C:/Users/Panasonic-PC/Documents/project172/src/near.h">
			<Option target="project172"/>
		</Unit>
		<Unit filename="C:/Users/Panasonic-PC/Documents/project172/src/netlistener.cpp">
			<Option target="project172"/>
		</Unit>
		<Unit filename="C:/Users/Panasonic-PC/Documents/project172/src/netlistener.h">
			<Option target="project172"/>
		</Unit>
		<Unit filename="C:/Users/Panasonic-PC/Documents/project172/src/object.cpp">
			<Option target="project172"/>
		</Unit>
		<Unit filename="C:/Users/Panasonic-PC/Documents/project172/src/object.h">
			<Option target="project172"/>
		</Unit>
		<Unit filename="C:/Users/Panasonic-PC/Documents/project172/src/objectregistry.cpp">
			<Option target="project172"/>
		</Unit>
		<Unit filename="C:/Users/Panasonic-PC/Documents/project172/src/objectregistry.h">
			<Option target="project172"/>
		</Unit>
		<Unit filename="C:/Users/Panasonic-PC/Documents/project172/src/sdlimplementation/sdlgraphicsprovider.cpp">
			<Option target="project172"/>
		</Unit>
		<Unit filename="C:/Users/Panasonic-PC/Documents/project172/src/sdlimplementation/sdlgraphicsprovider.h">
			<Option target="project172"/>
		</Unit>
		<Unit filename="C:/Users/Panasonic-PC/Documents/project172/src/sdlimplementation/sdlrenderer.cpp">
			<Option target="project172"/>
		</Unit>
		<Unit filename="C:/Users/Panasonic-PC/Documents/project172/src/sdlimplementation/sdlrenderer.h">
			<Option target="project172"/>
		</Unit>
		<Unit filename="C:/Users/Panasonic-PC/Documents/project172/src/state.cpp">
			<Option target="project172"/>
		</Unit>
		<Unit filename="C:/Users/Panasonic-PC/Documents/project172/src/state.h">
			<Option target="project172"/>
		</Unit>
		<Unit filename="C:/Users/Panasonic-PC/Documents/project172/src/time/time.cpp">
			<Option target="project172"/>
		</Unit>
		<Unit filename="C:/Users/Panasonic-PC/Documents/project172/src/time/time.h">
			<Option target="project172"/>
		</Unit>
		<Unit filename="C:/Users/Panasonic-PC/Documents/project172/src/time/timer.cpp">
			<Option target="project172"/>
		</Unit>
		<Unit filename="C:/Users/Panasonic-PC/Documents/project172/src/time/timer.h">
			<Option target="project172"/>
		</Unit>
		<Unit filename="C:/Users/Panasonic-PC/Documents/project172/src/units/camera.cpp">
			<Option target="project172"/>
		</Unit>
		<Unit filename="C:/Users/Panasonic-PC/Documents/project172/src/units/camera.h">
			<Option target="project172"/>
		</Unit>
		<Unit filename="C:/Users/Panasonic-PC/Documents/project172/src/units/movable.cpp">
			<Option target="project172"/>
		</Unit>
		<Unit filename="C:/Users/Panasonic-PC/Documents/project172/src/units/movable.h">
			<Option target="project172"/>
		</Unit>
		<Unit filename="C:/Users/Panasonic-PC/Documents/project172/src/units/particle.cpp">
			<Option target="project172"/>
		</Unit>
		<Unit filename="C:/Users/Panasonic-PC/Documents/project172/src/units/particle.h">
			<Option target="project172"/>
		</Unit>
		<Unit filename="C:/Users/Panasonic-PC/Documents/project172/src/units/projectile.cpp">
			<Option target="project172"/>
		</Unit>
		<Unit filename="C:/Users/Panasonic-PC/Documents/project172/src/units/projectile.h">
			<Option target="project172"/>
		</Unit>
		<Unit filename="C:/Users/Panasonic-PC/Documents/project172/src/units/ship.cpp">
			<Option target="project172"/>
		</Unit>
		<Unit filename="C:/Users/Panasonic-PC/Documents/project172/src/units/ship.h">
			<Option target="project172"/>
		</Unit>
		<Unit filename="C:/Users/Panasonic-PC/Documents/project172/src/units/station.cpp">
			<Option target="project172"/>
		</Unit>
		<Unit filename="C:/Users/Panasonic-PC/Documents/project172/src/units/station.h">
			<Option target="project172"/>
		</Unit>
		<Unit filename="C:/Users/Panasonic-PC/Documents/project172/src/units/unit.cpp">
			<Option target="project172"/>
		</Unit>
		<Unit filename="C:/Users/Panasonic-PC/Documents/project172/src/units/unit.h">
			<Option target="project172"/>
		</Unit>
		<Unit filename="C:/Users/Panasonic-PC/Documents/project172/src/worker.cpp">
			<Option target="project172"/>
		</Unit>
		<Unit filename="C:/Users/Panasonic-PC/Documents/project172/src/worker.h">
			<Option target="project172"/>
		</Unit>
		<Unit filename="C:/Users/Panasonic-PC/Documents/project172/src/worldmanager.cpp">
			<Option target="project172"/>
		</Unit>
		<Unit filename="C:/Users/Panasonic-PC/Documents/project172/src/worldmanager.h">
			<Option target="project172"/>
		</Unit>
		<Unit filename="C:/Users/Panasonic-PC/Documents/project172/src/worlds/arenaworld.cpp">
			<Option target="project172"/>
		</Unit>
		<Unit filename="C:/Users/Panasonic-PC/Documents/project172/src/worlds/arenaworld.h">
			<Option target="project172"/>
		</Unit>
		<Unit filename="C:/Users/Panasonic-PC/Documents/project172/src/worlds/defaultworld.cpp">
			<Option target="project172"/>
		</Unit>
		<Unit filename="C:/Users/Panasonic-PC/Documents/project172/src/worlds/defaultworld.h">
			<Option target="project172"/>
		</Unit>
		<Unit filename="C:/Users/Panasonic-PC/Documents/project172/src/worlds/heapworld.cpp">
			<Option target="project172"/>
		</Unit>
		<Unit filename="C:/Users/Panasonic-PC/Documents/project172/src/worlds/heapworld.h">
			<Option target="project172"/>
		</Unit>
		<Unit filename="C:/Users/Panasonic-PC/Documents/project172/src/worlds/world.cpp">
			<Option target="project172"/>
		</Unit>
		<Unit filename="C:/Users/Panasonic-PC/Documents/project172/src/worlds/world.h">
			<Option target="project172"/>
		</Unit>
		<Unit filename="C:/Users/Panasonic-PC/Documents/project172/CMakeLists.txt">
			<Option virtualFolder="CMake Files\"/>
		</Unit>
	</Project>
</CodeBlocks_project_file>
